
Microsoft Visual Studio Solution File, Format Version 12.00
# Visual Studio Version 16
VisualStudioVersion = 16.0.29503.13
MinimumVisualStudioVersion = 10.0.40219.1
Project("{FAE04EC0-301F-11D3-BF4B-00C04F79EFBC}") = "VeloxTimer", "VeloxTimer\VeloxTimer.csproj", "{A6203C4B-F820-4084-B7DD-7759A8BCFE76}"
EndProject
Global
	GlobalSection(SolutionConfigurationPlatforms) = preSolution
		Debug|Any CPU = Debug|Any CPU
		Release|Any CPU = Release|Any CPU
	EndGlobalSection
	GlobalSection(ProjectConfigurationPlatforms) = postSolution
		{A6203C4B-F820-4084-B7DD-7759A8BCFE76}.Debug|Any CPU.ActiveCfg = Debug|Any CPU
		{A6203C4B-F820-4084-B7DD-7759A8BCFE76}.Debug|Any CPU.Build.0 = Debug|Any CPU
		{A6203C4B-F820-4084-B7DD-7759A8BCFE76}.Release|Any CPU.ActiveCfg = Release|Any CPU
		{A6203C4B-F820-4084-B7DD-7759A8BCFE76}.Release|Any CPU.Build.0 = Release|Any CPU
	EndGlobalSection
	GlobalSection(SolutionProperties) = preSolution
		HideSolutionNode = FALSE
	EndGlobalSection
	GlobalSection(ExtensibilityGlobals) = postSolution
		SolutionGuid = {8CD70874-26AC-488D-B1C5-D969A5F307A9}
	EndGlobalSection
EndGlobal
